
Microsoft Visual Studio Solution File, Format Version 12.00
# Visual Studio Version 17
VisualStudioVersion = 17.8.34525.116
MinimumVisualStudioVersion = 10.0.40219.1
Project("{FAE04EC0-301F-11D3-BF4B-00C04F79EFBC}") = "Praksa", "Praksa\Praksa.csproj", "{CDD23D60-CE52-47E8-AB44-B7EBC0A888B2}"
EndProject
Global
	GlobalSection(SolutionConfigurationPlatforms) = preSolution
		Debug|Any CPU = Debug|Any CPU
		Release|Any CPU = Release|Any CPU
	EndGlobalSection
	GlobalSection(ProjectConfigurationPlatforms) = postSolution
		{CDD23D60-CE52-47E8-AB44-B7EBC0A888B2}.Debug|Any CPU.ActiveCfg = Debug|Any CPU
		{CDD23D60-CE52-47E8-AB44-B7EBC0A888B2}.Debug|Any CPU.Build.0 = Debug|Any CPU
		{CDD23D60-CE52-47E8-AB44-B7EBC0A888B2}.Release|Any CPU.ActiveCfg = Release|Any CPU
		{CDD23D60-CE52-47E8-AB44-B7EBC0A888B2}.Release|Any CPU.Build.0 = Release|Any CPU
	EndGlobalSection
	GlobalSection(SolutionProperties) = preSolution
		HideSolutionNode = FALSE
	EndGlobalSection
	GlobalSection(ExtensibilityGlobals) = postSolution
		SolutionGuid = {AB7BD910-ADCA-4CFE-AFA7-016651129E1A}
	EndGlobalSection
EndGlobal
